// !$*UTF8*$!
{
	archiveVersion = 1;
	classes = {
	};
	objectVersion = 46;
	objects = {

/* Begin PBXBuildFile section */
		59C02FD41AF85E1700213365 /* AppearanceProvider.swift in Sources */ = {isa = PBXBuildFile; fileRef = 59C02FD31AF85E1700213365 /* AppearanceProvider.swift */; };
		59C02FD61AF8949400213365 /* GameModel.swift in Sources */ = {isa = PBXBuildFile; fileRef = 59C02FD51AF8949400213365 /* GameModel.swift */; };
		59C02FD81AF8984600213365 /* AuxiliaryModels.swift in Sources */ = {isa = PBXBuildFile; fileRef = 59C02FD71AF8984600213365 /* AuxiliaryModels.swift */; };
		59C074B71B25C36F00777983 /* UIColor+Extensions.swift in Sources */ = {isa = PBXBuildFile; fileRef = 59C074B61B25C36F00777983 /* UIColor+Extensions.swift */; };
		59C074B91B25CB0200777983 /* SKTAudio.swift in Sources */ = {isa = PBXBuildFile; fileRef = 59C074B81B25CB0200777983 /* SKTAudio.swift */; };
		59E641F71AA88B8C000ED8DF /* AppDelegate.swift in Sources */ = {isa = PBXBuildFile; fileRef = 59E641F61AA88B8C000ED8DF /* AppDelegate.swift */; };
		59E641F91AA88B8C000ED8DF /* ViewController.swift in Sources */ = {isa = PBXBuildFile; fileRef = 59E641F81AA88B8C000ED8DF /* ViewController.swift */; };
		59E641FC1AA88B8C000ED8DF /* Main.storyboard in Resources */ = {isa = PBXBuildFile; fileRef = 59E641FA1AA88B8C000ED8DF /* Main.storyboard */; };
		59E641FE1AA88B8C000ED8DF /* Images.xcassets in Resources */ = {isa = PBXBuildFile; fileRef = 59E641FD1AA88B8C000ED8DF /* Images.xcassets */; };
		59E642011AA88B8C000ED8DF /* LaunchScreen.xib in Resources */ = {isa = PBXBuildFile; fileRef = 59E641FF1AA88B8C000ED8DF /* LaunchScreen.xib */; };
		59E6420D1AA88B8C000ED8DF /* _048Tests.swift in Sources */ = {isa = PBXBuildFile; fileRef = 59E6420C1AA88B8C000ED8DF /* _048Tests.swift */; };
		59E9A8C21AC00CDC0068E210 /* TileView.swift in Sources */ = {isa = PBXBuildFile; fileRef = 59E9A8C11AC00CDC0068E210 /* TileView.swift */; };
/* End PBXBuildFile section */

/* Begin PBXContainerItemProxy section */
		59E642071AA88B8C000ED8DF /* PBXContainerItemProxy */ = {
			isa = PBXContainerItemProxy;
			containerPortal = 59E641E91AA88B8C000ED8DF /* Project object */;
			proxyType = 1;
			remoteGlobalIDString = 59E641F01AA88B8C000ED8DF;
			remoteInfo = 2048;
		};
/* End PBXContainerItemProxy section */

/* Begin PBXFileReference section */
		59C02FD31AF85E1700213365 /* AppearanceProvider.swift */ = {isa = PBXFileReference; fileEncoding = 4; lastKnownFileType = sourcecode.swift; path = AppearanceProvider.swift; sourceTree = "<group>"; };
		59C02FD51AF8949400213365 /* GameModel.swift */ = {isa = PBXFileReference; fileEncoding = 4; lastKnownFileType = sourcecode.swift; path = GameModel.swift; sourceTree = "<group>"; };
		59C02FD71AF8984600213365 /* AuxiliaryModels.swift */ = {isa = PBXFileReference; fileEncoding = 4; lastKnownFileType = sourcecode.swift; path = AuxiliaryModels.swift; sourceTree = "<group>"; };
		59C074B61B25C36F00777983 /* UIColor+Extensions.swift */ = {isa = PBXFileReference; fileEncoding = 4; lastKnownFileType = sourcecode.swift; path = "UIColor+Extensions.swift"; sourceTree = "<group>"; };
		59C074B81B25CB0200777983 /* SKTAudio.swift */ = {isa = PBXFileReference; fileEncoding = 4; lastKnownFileType = sourcecode.swift; path = SKTAudio.swift; sourceTree = "<group>"; };
		59E641F11AA88B8C000ED8DF /* 2048.app */ = {isa = PBXFileReference; explicitFileType = wrapper.application; includeInIndex = 0; path = 2048.app; sourceTree = BUILT_PRODUCTS_DIR; };
		59E641F51AA88B8C000ED8DF /* Info.plist */ = {isa = PBXFileReference; lastKnownFileType = text.plist.xml; path = Info.plist; sourceTree = "<group>"; };
		59E641F61AA88B8C000ED8DF /* AppDelegate.swift */ = {isa = PBXFileReference; lastKnownFileType = sourcecode.swift; path = AppDelegate.swift; sourceTree = "<group>"; };
		59E641F81AA88B8C000ED8DF /* ViewController.swift */ = {isa = PBXFileReference; lastKnownFileType = sourcecode.swift; path = ViewController.swift; sourceTree = "<group>"; };
		59E641FB1AA88B8C000ED8DF /* Base */ = {isa = PBXFileReference; lastKnownFileType = file.storyboard; name = Base; path = Base.lproj/Main.storyboard; sourceTree = "<group>"; };
		59E641FD1AA88B8C000ED8DF /* Images.xcassets */ = {isa = PBXFileReference; lastKnownFileType = folder.assetcatalog; path = Images.xcassets; sourceTree = "<group>"; };
		59E642001AA88B8C000ED8DF /* Base */ = {isa = PBXFileReference; lastKnownFileType = file.xib; name = Base; path = Base.lproj/LaunchScreen.xib; sourceTree = "<group>"; };
		59E642061AA88B8C000ED8DF /* 2048Tests.xctest */ = {isa = PBXFileReference; explicitFileType = wrapper.cfbundle; includeInIndex = 0; path = 2048Tests.xctest; sourceTree = BUILT_PRODUCTS_DIR; };
		59E6420B1AA88B8C000ED8DF /* Info.plist */ = {isa = PBXFileReference; lastKnownFileType = text.plist.xml; path = Info.plist; sourceTree = "<group>"; };
		59E6420C1AA88B8C000ED8DF /* _048Tests.swift */ = {isa = PBXFileReference; lastKnownFileType = sourcecode.swift; path = _048Tests.swift; sourceTree = "<group>"; };
		59E9A8C11AC00CDC0068E210 /* TileView.swift */ = {isa = PBXFileReference; fileEncoding = 4; lastKnownFileType = sourcecode.swift; path = TileView.swift; sourceTree = "<group>"; };
/* End PBXFileReference section */

/* Begin PBXFrameworksBuildPhase section */
		59E641EE1AA88B8C000ED8DF /* Frameworks */ = {
			isa = PBXFrameworksBuildPhase;
			buildActionMask = 2147483647;
			files = (
			);
			runOnlyForDeploymentPostprocessing = 0;
		};
		59E642031AA88B8C000ED8DF /* Frameworks */ = {
			isa = PBXFrameworksBuildPhase;
			buildActionMask = 2147483647;
			files = (
			);
			runOnlyForDeploymentPostprocessing = 0;
		};
/* End PBXFrameworksBuildPhase section */

/* Begin PBXGroup section */
		59C02FD91AF8985100213365 /* Models */ = {
			isa = PBXGroup;
			children = (
				59C02FD51AF8949400213365 /* GameModel.swift */,
				59C02FD71AF8984600213365 /* AuxiliaryModels.swift */,
			);
			name = Models;
			sourceTree = "<group>";
		};
		59E641E81AA88B8C000ED8DF = {
			isa = PBXGroup;
			children = (
				59E641F31AA88B8C000ED8DF /* 2048 */,
				59E642091AA88B8C000ED8DF /* 2048Tests */,
				59E641F21AA88B8C000ED8DF /* Products */,
			);
			sourceTree = "<group>";
		};
		59E641F21AA88B8C000ED8DF /* Products */ = {
			isa = PBXGroup;
			children = (
				59E641F11AA88B8C000ED8DF /* 2048.app */,
				59E642061AA88B8C000ED8DF /* 2048Tests.xctest */,
			);
			name = Products;
			sourceTree = "<group>";
		};
		59E641F31AA88B8C000ED8DF /* 2048 */ = {
			isa = PBXGroup;
			children = (
				59E641F61AA88B8C000ED8DF /* AppDelegate.swift */,
				59C02FD91AF8985100213365 /* Models */,
				59E641F81AA88B8C000ED8DF /* ViewController.swift */,
				59E9A8C11AC00CDC0068E210 /* TileView.swift */,
				59C074B61B25C36F00777983 /* UIColor+Extensions.swift */,
				59C02FD31AF85E1700213365 /* AppearanceProvider.swift */,
				59C074B81B25CB0200777983 /* SKTAudio.swift */,
				59E641FA1AA88B8C000ED8DF /* Main.storyboard */,
				59E641FD1AA88B8C000ED8DF /* Images.xcassets */,
				59E641FF1AA88B8C000ED8DF /* LaunchScreen.xib */,
				59E641F41AA88B8C000ED8DF /* Supporting Files */,
			);
			path = 2048;
			sourceTree = "<group>";
		};
		59E641F41AA88B8C000ED8DF /* Supporting Files */ = {
			isa = PBXGroup;
			children = (
				59E641F51AA88B8C000ED8DF /* Info.plist */,
			);
			name = "Supporting Files";
			sourceTree = "<group>";
		};
		59E642091AA88B8C000ED8DF /* 2048Tests */ = {
			isa = PBXGroup;
			children = (
				59E6420C1AA88B8C000ED8DF /* _048Tests.swift */,
				59E6420A1AA88B8C000ED8DF /* Supporting Files */,
			);
			path = 2048Tests;
			sourceTree = "<group>";
		};
		59E6420A1AA88B8C000ED8DF /* Supporting Files */ = {
			isa = PBXGroup;
			children = (
				59E6420B1AA88B8C000ED8DF /* Info.plist */,
			);
			name = "Supporting Files";
			sourceTree = "<group>";
		};
/* End PBXGroup section */

/* Begin PBXNativeTarget section */
		59E641F01AA88B8C000ED8DF /* 2048 */ = {
			isa = PBXNativeTarget;
			buildConfigurationList = 59E642101AA88B8C000ED8DF /* Build configuration list for PBXNativeTarget "2048" */;
			buildPhases = (
				59E641ED1AA88B8C000ED8DF /* Sources */,
				59E641EE1AA88B8C000ED8DF /* Frameworks */,
				59E641EF1AA88B8C000ED8DF /* Resources */,
			);
			buildRules = (
			);
			dependencies = (
			);
			name = 2048;
			productName = 2048;
			productReference = 59E641F11AA88B8C000ED8DF /* 2048.app */;
			productType = "com.apple.product-type.application";
		};
		59E642051AA88B8C000ED8DF /* 2048Tests */ = {
			isa = PBXNativeTarget;
			buildConfigurationList = 59E642131AA88B8C000ED8DF /* Build configuration list for PBXNativeTarget "2048Tests" */;
			buildPhases = (
				59E642021AA88B8C000ED8DF /* Sources */,
				59E642031AA88B8C000ED8DF /* Frameworks */,
				59E642041AA88B8C000ED8DF /* Resources */,
			);
			buildRules = (
			);
			dependencies = (
				59E642081AA88B8C000ED8DF /* PBXTargetDependency */,
			);
			name = 2048Tests;
			productName = 2048Tests;
			productReference = 59E642061AA88B8C000ED8DF /* 2048Tests.xctest */;
			productType = "com.apple.product-type.bundle.unit-test";
		};
/* End PBXNativeTarget section */

/* Begin PBXProject section */
		59E641E91AA88B8C000ED8DF /* Project object */ = {
			isa = PBXProject;
			attributes = {
				LastUpgradeCheck = 0610;
				ORGANIZATIONNAME = lunner;
				TargetAttributes = {
					59E641F01AA88B8C000ED8DF = {
						CreatedOnToolsVersion = 6.1.1;
					};
					59E642051AA88B8C000ED8DF = {
						CreatedOnToolsVersion = 6.1.1;
						TestTargetID = 59E641F01AA88B8C000ED8DF;
					};
				};
			};
			buildConfigurationList = 59E641EC1AA88B8C000ED8DF /* Build configuration list for PBXProject "2048" */;
			compatibilityVersion = "Xcode 3.2";
			developmentRegion = English;
			hasScannedForEncodings = 0;
			knownRegions = (
				en,
				Base,
			);
			mainGroup = 59E641E81AA88B8C000ED8DF;
			productRefGroup = 59E641F21AA88B8C000ED8DF /* Products */;
			projectDirPath = "";
			projectRoot = "";
			targets = (
				59E641F01AA88B8C000ED8DF /* 2048 */,
				59E642051AA88B8C000ED8DF /* 2048Tests */,
			);
		};
/* End PBXProject section */

/* Begin PBXResourcesBuildPhase section */
		59E641EF1AA88B8C000ED8DF /* Resources */ = {
			isa = PBXResourcesBuildPhase;
			buildActionMask = 2147483647;
			files = (
				59E641FC1AA88B8C000ED8DF /* Main.storyboard in Resources */,
				59E642011AA88B8C000ED8DF /* LaunchScreen.xib in Resources */,
				59E641FE1AA88B8C000ED8DF /* Images.xcassets in Resources */,
			);
			runOnlyForDeploymentPostprocessing = 0;
		};
		59E642041AA88B8C000ED8DF /* Resources */ = {
			isa = PBXResourcesBuildPhase;
			buildActionMask = 2147483647;
			files = (
			);
			runOnlyForDeploymentPostprocessing = 0;
		};
/* End PBXResourcesBuildPhase section */

/* Begin PBXSourcesBuildPhase section */
		59E641ED1AA88B8C000ED8DF /* Sources */ = {
			isa = PBXSourcesBuildPhase;
			buildActionMask = 2147483647;
			files = (
				59E641F91AA88B8C000ED8DF /* ViewController.swift in Sources */,
				59C02FD81AF8984600213365 /* AuxiliaryModels.swift in Sources */,
				59C02FD41AF85E1700213365 /* AppearanceProvider.swift in Sources */,
				59E9A8C21AC00CDC0068E210 /* TileView.swift in Sources */,
				59C074B71B25C36F00777983 /* UIColor+Extensions.swift in Sources */,
				59C074B91B25CB0200777983 /* SKTAudio.swift in Sources */,
				59E641F71AA88B8C000ED8DF /* AppDelegate.swift in Sources */,
				59C02FD61AF8949400213365 /* GameModel.swift in Sources */,
			);
			runOnlyForDeploymentPostprocessing = 0;
		};
		59E642021AA88B8C000ED8DF /* Sources */ = {
			isa = PBXSourcesBuildPhase;
			buildActionMask = 2147483647;
			files = (
				59E6420D1AA88B8C000ED8DF /* _048Tests.swift in Sources */,
			);
			runOnlyForDeploymentPostprocessing = 0;
		};
/* End PBXSourcesBuildPhase section */

/* Begin PBXTargetDependency section */
		59E642081AA88B8C000ED8DF /* PBXTargetDependency */ = {
			isa = PBXTargetDependency;
			target = 59E641F01AA88B8C000ED8DF /* 2048 */;
			targetProxy = 59E642071AA88B8C000ED8DF /* PBXContainerItemProxy */;
		};
/* End PBXTargetDependency section */

/* Begin PBXVariantGroup section */
		59E641FA1AA88B8C000ED8DF /* Main.storyboard */ = {
			isa = PBXVariantGroup;
			children = (
				59E641FB1AA88B8C000ED8DF /* Base */,
			);
			name = Main.storyboard;
			sourceTree = "<group>";
		};
		59E641FF1AA88B8C000ED8DF /* LaunchScreen.xib */ = {
			isa = PBXVariantGroup;
			children = (
				59E642001AA88B8C000ED8DF /* Base */,
			);
			name = LaunchScreen.xib;
			sourceTree = "<group>";
		};
/* End PBXVariantGroup section */

/* Begin XCBuildConfiguration section */
		59E6420E1AA88B8C000ED8DF /* Debug */ = {
			isa = XCBuildConfiguration;
			buildSettings = {
				ALWAYS_SEARCH_USER_PATHS = NO;
				CLANG_CXX_LANGUAGE_STANDARD = "gnu++0x";
				CLANG_CXX_LIBRARY = "libc++";
				CLANG_ENABLE_MODULES = YES;
				CLANG_ENABLE_OBJC_ARC = YES;
				CLANG_WARN_BOOL_CONVERSION = YES;
				CLANG_WARN_CONSTANT_CONVERSION = YES;
				CLANG_WARN_DIRECT_OBJC_ISA_USAGE = YES_ERROR;
				CLANG_WARN_EMPTY_BODY = YES;
				CLANG_WARN_ENUM_CONVERSION = YES;
				CLANG_WARN_INT_CONVERSION = YES;
				CLANG_WARN_OBJC_ROOT_CLASS = YES_ERROR;
				CLANG_WARN_UNREACHABLE_CODE = YES;
				CLANG_WARN__DUPLICATE_METHOD_MATCH = YES;
				"CODE_SIGN_IDENTITY[sdk=iphoneos*]" = "iPhone Developer";
				COPY_PHASE_STRIP = NO;
				ENABLE_STRICT_OBJC_MSGSEND = YES;
				GCC_C_LANGUAGE_STANDARD = gnu99;
				GCC_DYNAMIC_NO_PIC = NO;
				GCC_OPTIMIZATION_LEVEL = 0;
				GCC_PREPROCESSOR_DEFINITIONS = (
					"DEBUG=1",
					"$(inherited)",
				);
				GCC_SYMBOLS_PRIVATE_EXTERN = NO;
				GCC_WARN_64_TO_32_BIT_CONVERSION = YES;
				GCC_WARN_ABOUT_RETURN_TYPE = YES_ERROR;
				GCC_WARN_UNDECLARED_SELECTOR = YES;
				GCC_WARN_UNINITIALIZED_AUTOS = YES_AGGRESSIVE;
				GCC_WARN_UNUSED_FUNCTION = YES;
				GCC_WARN_UNUSED_VARIABLE = YES;
				IPHONEOS_DEPLOYMENT_TARGET = 8.1;
				MTL_ENABLE_DEBUG_INFO = YES;
				ONLY_ACTIVE_ARCH = YES;
				SDKROOT = iphoneos;
				SWIFT_OPTIMIZATION_LEVEL = "-Onone";
				TARGETED_DEVICE_FAMILY = "1,2";
			};
			name = Debug;
		};
		59E6420F1AA88B8C000ED8DF /* Release */ = {
			isa = XCBuildConfiguration;
			buildSettings = {
				ALWAYS_SEARCH_USER_PATHS = NO;
				CLANG_CXX_LANGUAGE_STANDARD = "gnu++0x";
				CLANG_CXX_LIBRARY = "libc++";
				CLANG_ENABLE_MODULES = YES;
				CLANG_ENABLE_OBJC_ARC = YES;
				CLANG_WARN_BOOL_CONVERSION = YES;
				CLANG_WARN_CONSTANT_CONVERSION = YES;
				CLANG_WARN_DIRECT_OBJC_ISA_USAGE = YES_ERROR;
				CLANG_WARN_EMPTY_BODY = YES;
				CLANG_WARN_ENUM_CONVERSION = YES;
				CLANG_WARN_INT_CONVERSION = YES;
				CLANG_WARN_OBJC_ROOT_CLASS = YES_ERROR;
				CLANG_WARN_UNREACHABLE_CODE = YES;
				CLANG_WARN__DUPLICATE_METHOD_MATCH = YES;
				"CODE_SIGN_IDENTITY[sdk=iphoneos*]" = "iPhone Developer";
				COPY_PHASE_STRIP = YES;
				ENABLE_NS_ASSERTIONS = NO;
				ENABLE_STRICT_OBJC_MSGSEND = YES;
				GCC_C_LANGUAGE_STANDARD = gnu99;
				GCC_WARN_64_TO_32_BIT_CONVERSION = YES;
				GCC_WARN_ABOUT_RETURN_TYPE = YES_ERROR;
				GCC_WARN_UNDECLARED_SELECTOR = YES;
				GCC_WARN_UNINITIALIZED_AUTOS = YES_AGGRESSIVE;
				GCC_WARN_UNUSED_FUNCTION = YES;
				GCC_WARN_UNUSED_VARIABLE = YES;
				IPHONEOS_DEPLOYMENT_TARGET = 8.1;
				MTL_ENABLE_DEBUG_INFO = NO;
				SDKROOT = iphoneos;
				TARGETED_DEVICE_FAMILY = "1,2";
				VALIDATE_PRODUCT = YES;
			};
			name = Release;
		};
		59E642111AA88B8C000ED8DF /* Debug */ = {
			isa = XCBuildConfiguration;
			buildSettings = {
				ASSETCATALOG_COMPILER_APPICON_NAME = AppIcon;
				INFOPLIST_FILE = 2048/Info.plist;
				LD_RUNPATH_SEARCH_PATHS = "$(inherited) @executable_path/Frameworks";
				PRODUCT_NAME = "$(TARGET_NAME)";
				TARGETED_DEVICE_FAMILY = "1,2";
			};
			name = Debug;
		};
		59E642121AA88B8C000ED8DF /* Release */ = {
			isa = XCBuildConfiguration;
			buildSettings = {
				ASSETCATALOG_COMPILER_APPICON_NAME = AppIcon;
				INFOPLIST_FILE = 2048/Info.plist;
				LD_RUNPATH_SEARCH_PATHS = "$(inherited) @executable_path/Frameworks";
				PRODUCT_NAME = "$(TARGET_NAME)";
				TARGETED_DEVICE_FAMILY = "1,2";
			};
			name = Release;
		};
		59E642141AA88B8C000ED8DF /* Debug */ = {
			isa = XCBuildConfiguration;
			buildSettings = {
				BUNDLE_LOADER = "$(TEST_HOST)";
				FRAMEWORK_SEARCH_PATHS = (
					"$(SDKROOT)/Developer/Library/Frameworks",
					"$(inherited)",
				);
				GCC_PREPROCESSOR_DEFINITIONS = (
					"DEBUG=1",
					"$(inherited)",
				);
				INFOPLIST_FILE = 2048Tests/Info.plist;
				LD_RUNPATH_SEARCH_PATHS = "$(inherited) @executable_path/Frameworks @loader_path/Frameworks";
				PRODUCT_NAME = "$(TARGET_NAME)";
				TEST_HOST = "$(BUILT_PRODUCTS_DIR)/2048.app/2048";
			};
			name = Debug;
		};
		59E642151AA88B8C000ED8DF /* Release */ = {
			isa = XCBuildConfiguration;
			buildSettings = {
				BUNDLE_LOADER = "$(TEST_HOST)";
				FRAMEWORK_SEARCH_PATHS = (
					"$(SDKROOT)/Developer/Library/Frameworks",
					"$(inherited)",
				);
				INFOPLIST_FILE = 2048Tests/Info.plist;
				LD_RUNPATH_SEARCH_PATHS = "$(inherited) @executable_path/Frameworks @loader_path/Frameworks";
				PRODUCT_NAME = "$(TARGET_NAME)";
				TEST_HOST = "$(BUILT_PRODUCTS_DIR)/2048.app/2048";
			};
			name = Release;
		};
/* End XCBuildConfiguration section */

/* Begin XCConfigurationList section */
		59E641EC1AA88B8C000ED8DF /* Build configuration list for PBXProject "2048" */ = {
			isa = XCConfigurationList;
			buildConfigurations = (
				59E6420E1AA88B8C000ED8DF /* Debug */,
				59E6420F1AA88B8C000ED8DF /* Release */,
			);
			defaultConfigurationIsVisible = 0;
			defaultConfigurationName = Release;
		};
		59E642101AA88B8C000ED8DF /* Build configuration list for PBXNativeTarget "2048" */ = {
			isa = XCConfigurationList;
			buildConfigurations = (
				59E642111AA88B8C000ED8DF /* Debug */,
				59E642121AA88B8C000ED8DF /* Release */,
			);
			defaultConfigurationIsVisible = 0;
			defaultConfigurationName = Release;
		};
		59E642131AA88B8C000ED8DF /* Build configuration list for PBXNativeTarget "2048Tests" */ = {
			isa = XCConfigurationList;
			buildConfigurations = (
				59E642141AA88B8C000ED8DF /* Debug */,
				59E642151AA88B8C000ED8DF /* Release */,
			);
			defaultConfigurationIsVisible = 0;
			defaultConfigurationName = Release;
		};
/* End XCConfigurationList section */
	};
	rootObject = 59E641E91AA88B8C000ED8DF /* Project object */;
}
